
Microsoft Visual Studio Solution File, Format Version 12.00
# Visual Studio 15
Project("{FAE04EC0-301F-11D3-BF4B-00C04F79EFBC}") = "WebApi", "WebApi\WebApi.csproj", "{747AB2F6-339E-454D-B9D5-87108DACA710}"
EndProject
Global
	GlobalSection(SolutionConfigurationPlatforms) = preSolution
		Debug|Any CPU = Debug|Any CPU
		Release|Any CPU = Release|Any CPU
	EndGlobalSection
	GlobalSection(ProjectConfigurationPlatforms) = postSolution
		{747AB2F6-339E-454D-B9D5-87108DACA710}.Debug|Any CPU.ActiveCfg = Debug|Any CPU
		{747AB2F6-339E-454D-B9D5-87108DACA710}.Debug|Any CPU.Build.0 = Debug|Any CPU
		{747AB2F6-339E-454D-B9D5-87108DACA710}.Release|Any CPU.ActiveCfg = Release|Any CPU
		{747AB2F6-339E-454D-B9D5-87108DACA710}.Release|Any CPU.Build.0 = Release|Any CPU
	EndGlobalSection
EndGlobal
